
Microsoft Visual Studio Solution File, Format Version 12.00
# Visual Studio Version 16
VisualStudioVersion = 16.0.29728.190
MinimumVisualStudioVersion = 10.0.40219.1
Project("{9A19103F-16F7-4668-BE54-9A1E7A4F7556}") = "PotionMaker", "PotionMaker\PotionMaker.csproj", "{EB36C1F1-66A7-48EF-8EEB-BF3C1CEE1995}"
EndProject
Project("{FAE04EC0-301F-11D3-BF4B-00C04F79EFBC}") = "PotionMakerTests", "PotionMakerTests\PotionMakerTests.csproj", "{4EC8C546-0D8B-4DCC-B77F-A404F48CBAA4}"
EndProject
Global
	GlobalSection(SolutionConfigurationPlatforms) = preSolution
		Debug|Any CPU = Debug|Any CPU
		Release|Any CPU = Release|Any CPU
	EndGlobalSection
	GlobalSection(ProjectConfigurationPlatforms) = postSolution
		{EB36C1F1-66A7-48EF-8EEB-BF3C1CEE1995}.Debug|Any CPU.ActiveCfg = Debug|Any CPU
		{EB36C1F1-66A7-48EF-8EEB-BF3C1CEE1995}.Debug|Any CPU.Build.0 = Debug|Any CPU
		{EB36C1F1-66A7-48EF-8EEB-BF3C1CEE1995}.Release|Any CPU.ActiveCfg = Release|Any CPU
		{EB36C1F1-66A7-48EF-8EEB-BF3C1CEE1995}.Release|Any CPU.Build.0 = Release|Any CPU
		{4EC8C546-0D8B-4DCC-B77F-A404F48CBAA4}.Debug|Any CPU.ActiveCfg = Debug|Any CPU
		{4EC8C546-0D8B-4DCC-B77F-A404F48CBAA4}.Debug|Any CPU.Build.0 = Debug|Any CPU
		{4EC8C546-0D8B-4DCC-B77F-A404F48CBAA4}.Release|Any CPU.ActiveCfg = Release|Any CPU
		{4EC8C546-0D8B-4DCC-B77F-A404F48CBAA4}.Release|Any CPU.Build.0 = Release|Any CPU
	EndGlobalSection
	GlobalSection(SolutionProperties) = preSolution
		HideSolutionNode = FALSE
	EndGlobalSection
	GlobalSection(ExtensibilityGlobals) = postSolution
		SolutionGuid = {39B3C873-58E1-476D-A069-223CCD245448}
	EndGlobalSection
EndGlobal
